{
  "version": 4,
  "terraform_version": "1.5.7",
  "serial": 9,
  "lineage": "38fb72b2-7c5a-db22-f918-ab056bcf7026",
  "outputs": {
    "function_app_name": {
      "value": "func-parkinsons-rag",
      "type": "string"
    },
    "resource_group_name": {
      "value": "rg-parkinsons-rag",
      "type": "string"
    },
    "storage_account_name": {
      "value": "stparkinsonsrag",
      "type": "string"
    }
  },
  "resources": [
    {
      "mode": "managed",
      "type": "azurerm_linux_function_app",
      "name": "rag",
      "provider": "provider[\"registry.terraform.io/hashicorp/azurerm\"]",
      "instances": [
        {
          "schema_version": 1,
          "attributes": {
            "app_settings": {},
            "auth_settings": [],
            "auth_settings_v2": [],
            "backup": [],
            "builtin_logging_enabled": true,
            "client_certificate_enabled": false,
            "client_certificate_exclusion_paths": "",
            "client_certificate_mode": "Optional",
            "connection_string": [],
            "content_share_force_disabled": false,
            "custom_domain_verification_id": "13B9DE65860AD4673A2301B5FEAE965E84E97BC0F007FE9A7000F891627267DF",
            "daily_memory_time_quota": 0,
            "default_hostname": "func-parkinsons-rag.azurewebsites.net",
            "enabled": true,
            "ftp_publish_basic_authentication_enabled": true,
            "functions_extension_version": "~4",
            "hosting_environment_id": "",
            "https_only": false,
            "id": "/subscriptions/b3e23849-edd9-4f37-a0a6-6dcf15129b4c/resourceGroups/rg-parkinsons-rag/providers/Microsoft.Web/sites/func-parkinsons-rag",
            "identity": [],
            "key_vault_reference_identity_id": "SystemAssigned",
            "kind": "functionapp,linux",
            "location": "westeurope",
            "name": "func-parkinsons-rag",
            "outbound_ip_address_list": [
              "132.220.55.134",
              "9.163.167.164",
              "98.64.155.168",
              "108.141.82.93",
              "108.141.36.21",
              "9.163.227.155",
              "135.236.60.74",
              "4.175.81.232",
              "132.220.163.180",
              "108.141.145.184",
              "20.54.234.136",
              "50.85.148.21",
              "20.105.216.52"
            ],
            "outbound_ip_addresses": "132.220.55.134,9.163.167.164,98.64.155.168,108.141.82.93,108.141.36.21,9.163.227.155,135.236.60.74,4.175.81.232,132.220.163.180,108.141.145.184,20.54.234.136,50.85.148.21,20.105.216.52",
            "possible_outbound_ip_address_list": [
              "132.220.55.134",
              "9.163.167.164",
              "98.64.155.168",
              "108.141.82.93",
              "108.141.36.21",
              "9.163.227.155",
              "135.236.60.74",
              "4.175.81.232",
              "132.220.163.180",
              "108.141.145.184",
              "20.54.234.136",
              "50.85.148.21",
              "135.236.67.254",
              "9.163.223.15",
              "9.163.209.118",
              "52.233.200.26",
              "132.220.24.156",
              "132.220.54.131",
              "132.164.26.57",
              "98.64.56.204",
              "132.220.136.195",
              "4.175.154.115",
              "132.220.241.168",
              "4.245.24.65",
              "108.142.112.62",
              "135.236.81.9",
              "98.64.168.227",
              "132.220.236.170",
              "57.153.132.129",
              "108.142.96.242",
              "20.105.216.52"
            ],
            "possible_outbound_ip_addresses": "132.220.55.134,9.163.167.164,98.64.155.168,108.141.82.93,108.141.36.21,9.163.227.155,135.236.60.74,4.175.81.232,132.220.163.180,108.141.145.184,20.54.234.136,50.85.148.21,135.236.67.254,9.163.223.15,9.163.209.118,52.233.200.26,132.220.24.156,132.220.54.131,132.164.26.57,98.64.56.204,132.220.136.195,4.175.154.115,132.220.241.168,4.245.24.65,108.142.112.62,135.236.81.9,98.64.168.227,132.220.236.170,57.153.132.129,108.142.96.242,20.105.216.52",
            "public_network_access_enabled": true,
            "resource_group_name": "rg-parkinsons-rag",
            "service_plan_id": "/subscriptions/b3e23849-edd9-4f37-a0a6-6dcf15129b4c/resourceGroups/rg-parkinsons-rag/providers/Microsoft.Web/serverFarms/asp-parkinsons-rag",
            "site_config": [
              {
                "always_on": false,
                "api_definition_url": "",
                "api_management_api_id": "",
                "app_command_line": "",
                "app_scale_limit": 0,
                "app_service_logs": [],
                "application_insights_connection_string": "",
                "application_insights_key": "",
                "application_stack": [
                  {
                    "docker": [],
                    "dotnet_version": "",
                    "java_version": "",
                    "node_version": "",
                    "powershell_core_version": "",
                    "python_version": "3.11",
                    "use_custom_runtime": false,
                    "use_dotnet_isolated_runtime": false
                  }
                ],
                "container_registry_managed_identity_client_id": "",
                "container_registry_use_managed_identity": false,
                "cors": [],
                "default_documents": [
                  "Default.htm",
                  "Default.html",
                  "Default.asp",
                  "index.htm",
                  "index.html",
                  "iisstart.htm",
                  "default.aspx",
                  "index.php"
                ],
                "detailed_error_logging_enabled": false,
                "elastic_instance_minimum": 1,
                "ftps_state": "Disabled",
                "health_check_eviction_time_in_min": 0,
                "health_check_path": "",
                "http2_enabled": false,
                "ip_restriction": [],
                "ip_restriction_default_action": "Allow",
                "linux_fx_version": "PYTHON|3.11",
                "load_balancing_mode": "LeastRequests",
                "managed_pipeline_mode": "Integrated",
                "minimum_tls_version": "1.2",
                "pre_warmed_instance_count": 0,
                "remote_debugging_enabled": false,
                "remote_debugging_version": "",
                "runtime_scale_monitoring_enabled": false,
                "scm_ip_restriction": [],
                "scm_ip_restriction_default_action": "Allow",
                "scm_minimum_tls_version": "1.2",
                "scm_type": "None",
                "scm_use_main_ip_restriction": false,
                "use_32_bit_worker": false,
                "vnet_route_all_enabled": false,
                "websockets_enabled": false,
                "worker_count": 1
              }
            ],
            "site_credential": [
              {
                "name": "$func-parkinsons-rag",
                "password": "qvQ3jL8RMey2tj842iqvx1dH23ZYhlgCC9yrJtL2A76giqnZZRv0nDqiQwDx"
              }
            ],
            "sticky_settings": [],
            "storage_account": [],
            "storage_account_access_key": "hexpz1hSw6hBadiaj26F41bU9tmi583qWKDmAFTUj/554vIv7ZP9iYGkG2ON8Kn9/OTgdVL9Ktb++AStxpfKUA==",
            "storage_account_name": "stparkinsonsrag",
            "storage_key_vault_secret_id": "",
            "storage_uses_managed_identity": false,
            "tags": {},
            "timeouts": null,
            "virtual_network_subnet_id": "",
            "webdeploy_publish_basic_authentication_enabled": true,
            "zip_deploy_file": ""
          },
          "sensitive_attributes": [
            [
              {
                "type": "get_attr",
                "value": "storage_account_access_key"
              }
            ]
          ],
          "private": "eyJlMmJmYjczMC1lY2FhLTExZTYtOGY4OC0zNDM2M2JjN2M0YzAiOnsiY3JlYXRlIjoxODAwMDAwMDAwMDAwLCJkZWxldGUiOjE4MDAwMDAwMDAwMDAsInJlYWQiOjMwMDAwMDAwMDAwMCwidXBkYXRlIjoxODAwMDAwMDAwMDAwfSwic2NoZW1hX3ZlcnNpb24iOiIxIn0=",
          "dependencies": [
            "azurerm_resource_group.rag",
            "azurerm_service_plan.rag",
            "azurerm_storage_account.rag"
          ]
        }
      ]
    },
    {
      "mode": "managed",
      "type": "azurerm_resource_group",
      "name": "rag",
      "provider": "provider[\"registry.terraform.io/hashicorp/azurerm\"]",
      "instances": [
        {
          "schema_version": 0,
          "attributes": {
            "id": "/subscriptions/b3e23849-edd9-4f37-a0a6-6dcf15129b4c/resourceGroups/rg-parkinsons-rag",
            "location": "westeurope",
            "managed_by": "",
            "name": "rg-parkinsons-rag",
            "tags": {},
            "timeouts": null
          },
          "sensitive_attributes": [],
          "private": "eyJlMmJmYjczMC1lY2FhLTExZTYtOGY4OC0zNDM2M2JjN2M0YzAiOnsiY3JlYXRlIjo1NDAwMDAwMDAwMDAwLCJkZWxldGUiOjU0MDAwMDAwMDAwMDAsInJlYWQiOjMwMDAwMDAwMDAwMCwidXBkYXRlIjo1NDAwMDAwMDAwMDAwfX0="
        }
      ]
    },
    {
      "mode": "managed",
      "type": "azurerm_service_plan",
      "name": "rag",
      "provider": "provider[\"registry.terraform.io/hashicorp/azurerm\"]",
      "instances": [
        {
          "schema_version": 1,
          "attributes": {
            "app_service_environment_id": "",
            "id": "/subscriptions/b3e23849-edd9-4f37-a0a6-6dcf15129b4c/resourceGroups/rg-parkinsons-rag/providers/Microsoft.Web/serverFarms/asp-parkinsons-rag",
            "kind": "linux",
            "location": "westeurope",
            "maximum_elastic_worker_count": 1,
            "name": "asp-parkinsons-rag",
            "os_type": "Linux",
            "per_site_scaling_enabled": false,
            "reserved": true,
            "resource_group_name": "rg-parkinsons-rag",
            "sku_name": "B1",
            "tags": {},
            "timeouts": null,
            "worker_count": 1,
            "zone_balancing_enabled": false
          },
          "sensitive_attributes": [],
          "private": "eyJlMmJmYjczMC1lY2FhLTExZTYtOGY4OC0zNDM2M2JjN2M0YzAiOnsiY3JlYXRlIjozNjAwMDAwMDAwMDAwLCJkZWxldGUiOjM2MDAwMDAwMDAwMDAsInJlYWQiOjMwMDAwMDAwMDAwMCwidXBkYXRlIjozNjAwMDAwMDAwMDAwfSwic2NoZW1hX3ZlcnNpb24iOiIxIn0=",
          "dependencies": [
            "azurerm_resource_group.rag"
          ]
        }
      ]
    },
    {
      "mode": "managed",
      "type": "azurerm_storage_account",
      "name": "rag",
      "provider": "provider[\"registry.terraform.io/hashicorp/azurerm\"]",
      "instances": [
        {
          "schema_version": 4,
          "attributes": {
            "access_tier": "Hot",
            "account_kind": "StorageV2",
            "account_replication_type": "LRS",
            "account_tier": "Standard",
            "allow_nested_items_to_be_public": true,
            "allowed_copy_scope": "",
            "azure_files_authentication": [],
            "blob_properties": [
              {
                "change_feed_enabled": false,
                "change_feed_retention_in_days": 0,
                "container_delete_retention_policy": [],
                "cors_rule": [],
                "default_service_version": "",
                "delete_retention_policy": [],
                "last_access_time_enabled": false,
                "restore_policy": [],
                "versioning_enabled": false
              }
            ],
            "cross_tenant_replication_enabled": true,
            "custom_domain": [],
            "customer_managed_key": [],
            "default_to_oauth_authentication": false,
            "dns_endpoint_type": "Standard",
            "edge_zone": "",
            "enable_https_traffic_only": true,
            "https_traffic_only_enabled": true,
            "id": "/subscriptions/b3e23849-edd9-4f37-a0a6-6dcf15129b4c/resourceGroups/rg-parkinsons-rag/providers/Microsoft.Storage/storageAccounts/stparkinsonsrag",
            "identity": [],
            "immutability_policy": [],
            "infrastructure_encryption_enabled": false,
            "is_hns_enabled": false,
            "large_file_share_enabled": false,
            "local_user_enabled": true,
            "location": "westeurope",
            "min_tls_version": "TLS1_2",
            "name": "stparkinsonsrag",
            "network_rules": [],
            "nfsv3_enabled": false,
            "primary_access_key": "hexpz1hSw6hBadiaj26F41bU9tmi583qWKDmAFTUj/554vIv7ZP9iYGkG2ON8Kn9/OTgdVL9Ktb++AStxpfKUA==",
            "primary_blob_connection_string": "DefaultEndpointsProtocol=https;BlobEndpoint=https://stparkinsonsrag.blob.core.windows.net/;AccountName=stparkinsonsrag;AccountKey=hexpz1hSw6hBadiaj26F41bU9tmi583qWKDmAFTUj/554vIv7ZP9iYGkG2ON8Kn9/OTgdVL9Ktb++AStxpfKUA==",
            "primary_blob_endpoint": "https://stparkinsonsrag.blob.core.windows.net/",
            "primary_blob_host": "stparkinsonsrag.blob.core.windows.net",
            "primary_blob_internet_endpoint": "",
            "primary_blob_internet_host": "",
            "primary_blob_microsoft_endpoint": "",
            "primary_blob_microsoft_host": "",
            "primary_connection_string": "DefaultEndpointsProtocol=https;AccountName=stparkinsonsrag;AccountKey=hexpz1hSw6hBadiaj26F41bU9tmi583qWKDmAFTUj/554vIv7ZP9iYGkG2ON8Kn9/OTgdVL9Ktb++AStxpfKUA==;EndpointSuffix=core.windows.net",
            "primary_dfs_endpoint": "https://stparkinsonsrag.dfs.core.windows.net/",
            "primary_dfs_host": "stparkinsonsrag.dfs.core.windows.net",
            "primary_dfs_internet_endpoint": "",
            "primary_dfs_internet_host": "",
            "primary_dfs_microsoft_endpoint": "",
            "primary_dfs_microsoft_host": "",
            "primary_file_endpoint": "https://stparkinsonsrag.file.core.windows.net/",
            "primary_file_host": "stparkinsonsrag.file.core.windows.net",
            "primary_file_internet_endpoint": "",
            "primary_file_internet_host": "",
            "primary_file_microsoft_endpoint": "",
            "primary_file_microsoft_host": "",
            "primary_location": "westeurope",
            "primary_queue_endpoint": "https://stparkinsonsrag.queue.core.windows.net/",
            "primary_queue_host": "stparkinsonsrag.queue.core.windows.net",
            "primary_queue_microsoft_endpoint": "",
            "primary_queue_microsoft_host": "",
            "primary_table_endpoint": "https://stparkinsonsrag.table.core.windows.net/",
            "primary_table_host": "stparkinsonsrag.table.core.windows.net",
            "primary_table_microsoft_endpoint": "",
            "primary_table_microsoft_host": "",
            "primary_web_endpoint": "https://stparkinsonsrag.z6.web.core.windows.net/",
            "primary_web_host": "stparkinsonsrag.z6.web.core.windows.net",
            "primary_web_internet_endpoint": "",
            "primary_web_internet_host": "",
            "primary_web_microsoft_endpoint": "",
            "primary_web_microsoft_host": "",
            "public_network_access_enabled": true,
            "queue_encryption_key_type": "Service",
            "queue_properties": [
              {
                "cors_rule": [],
                "hour_metrics": [
                  {
                    "enabled": false,
                    "include_apis": false,
                    "retention_policy_days": 0,
                    "version": "1.0"
                  }
                ],
                "logging": [
                  {
                    "delete": false,
                    "read": false,
                    "retention_policy_days": 0,
                    "version": "1.0",
                    "write": false
                  }
                ],
                "minute_metrics": [
                  {
                    "enabled": false,
                    "include_apis": false,
                    "retention_policy_days": 0,
                    "version": "1.0"
                  }
                ]
              }
            ],
            "resource_group_name": "rg-parkinsons-rag",
            "routing": [],
            "sas_policy": [],
            "secondary_access_key": "J5oPoP/I4pNGVuLyZElHceD8Japf/Imipt7NFvMCE72sOBNlU+Z/JIUCbQ/NzNYD8mEzh9lQG8+6+AStSUIG6g==",
            "secondary_blob_connection_string": "",
            "secondary_blob_endpoint": "",
            "secondary_blob_host": "",
            "secondary_blob_internet_endpoint": "",
            "secondary_blob_internet_host": "",
            "secondary_blob_microsoft_endpoint": "",
            "secondary_blob_microsoft_host": "",
            "secondary_connection_string": "DefaultEndpointsProtocol=https;AccountName=stparkinsonsrag;AccountKey=J5oPoP/I4pNGVuLyZElHceD8Japf/Imipt7NFvMCE72sOBNlU+Z/JIUCbQ/NzNYD8mEzh9lQG8+6+AStSUIG6g==;EndpointSuffix=core.windows.net",
            "secondary_dfs_endpoint": "",
            "secondary_dfs_host": "",
            "secondary_dfs_internet_endpoint": "",
            "secondary_dfs_internet_host": "",
            "secondary_dfs_microsoft_endpoint": "",
            "secondary_dfs_microsoft_host": "",
            "secondary_file_endpoint": "",
            "secondary_file_host": "",
            "secondary_file_internet_endpoint": "",
            "secondary_file_internet_host": "",
            "secondary_file_microsoft_endpoint": "",
            "secondary_file_microsoft_host": "",
            "secondary_location": "",
            "secondary_queue_endpoint": "",
            "secondary_queue_host": "",
            "secondary_queue_microsoft_endpoint": "",
            "secondary_queue_microsoft_host": "",
            "secondary_table_endpoint": "",
            "secondary_table_host": "",
            "secondary_table_microsoft_endpoint": "",
            "secondary_table_microsoft_host": "",
            "secondary_web_endpoint": "",
            "secondary_web_host": "",
            "secondary_web_internet_endpoint": "",
            "secondary_web_internet_host": "",
            "secondary_web_microsoft_endpoint": "",
            "secondary_web_microsoft_host": "",
            "sftp_enabled": false,
            "share_properties": [
              {
                "cors_rule": [],
                "retention_policy": [
                  {
                    "days": 7
                  }
                ],
                "smb": []
              }
            ],
            "shared_access_key_enabled": true,
            "static_website": [],
            "table_encryption_key_type": "Service",
            "tags": {},
            "timeouts": null
          },
          "sensitive_attributes": [],
          "private": "eyJlMmJmYjczMC1lY2FhLTExZTYtOGY4OC0zNDM2M2JjN2M0YzAiOnsiY3JlYXRlIjozNjAwMDAwMDAwMDAwLCJkZWxldGUiOjM2MDAwMDAwMDAwMDAsInJlYWQiOjMwMDAwMDAwMDAwMCwidXBkYXRlIjozNjAwMDAwMDAwMDAwfSwic2NoZW1hX3ZlcnNpb24iOiI0In0=",
          "dependencies": [
            "azurerm_resource_group.rag"
          ]
        }
      ]
    },
    {
      "mode": "managed",
      "type": "azurerm_storage_container",
      "name": "embeddings",
      "provider": "provider[\"registry.terraform.io/hashicorp/azurerm\"]",
      "instances": [
        {
          "schema_version": 1,
          "attributes": {
            "container_access_type": "private",
            "default_encryption_scope": "$account-encryption-key",
            "encryption_scope_override_enabled": true,
            "has_immutability_policy": false,
            "has_legal_hold": false,
            "id": "https://stparkinsonsrag.blob.core.windows.net/embeddings",
            "metadata": {},
            "name": "embeddings",
            "resource_manager_id": "/subscriptions/b3e23849-edd9-4f37-a0a6-6dcf15129b4c/resourceGroups/rg-parkinsons-rag/providers/Microsoft.Storage/storageAccounts/stparkinsonsrag/blobServices/default/containers/embeddings",
            "storage_account_name": "stparkinsonsrag",
            "timeouts": null
          },
          "sensitive_attributes": [],
          "private": "eyJlMmJmYjczMC1lY2FhLTExZTYtOGY4OC0zNDM2M2JjN2M0YzAiOnsiY3JlYXRlIjoxODAwMDAwMDAwMDAwLCJkZWxldGUiOjE4MDAwMDAwMDAwMDAsInJlYWQiOjMwMDAwMDAwMDAwMCwidXBkYXRlIjoxODAwMDAwMDAwMDAwfSwic2NoZW1hX3ZlcnNpb24iOiIxIn0=",
          "dependencies": [
            "azurerm_resource_group.rag",
            "azurerm_storage_account.rag"
          ]
        }
      ]
    },
    {
      "mode": "managed",
      "type": "azurerm_storage_container",
      "name": "pdfs",
      "provider": "provider[\"registry.terraform.io/hashicorp/azurerm\"]",
      "instances": [
        {
          "schema_version": 1,
          "attributes": {
            "container_access_type": "private",
            "default_encryption_scope": "$account-encryption-key",
            "encryption_scope_override_enabled": true,
            "has_immutability_policy": false,
            "has_legal_hold": false,
            "id": "https://stparkinsonsrag.blob.core.windows.net/pdfs",
            "metadata": {},
            "name": "pdfs",
            "resource_manager_id": "/subscriptions/b3e23849-edd9-4f37-a0a6-6dcf15129b4c/resourceGroups/rg-parkinsons-rag/providers/Microsoft.Storage/storageAccounts/stparkinsonsrag/blobServices/default/containers/pdfs",
            "storage_account_name": "stparkinsonsrag",
            "timeouts": null
          },
          "sensitive_attributes": [],
          "private": "eyJlMmJmYjczMC1lY2FhLTExZTYtOGY4OC0zNDM2M2JjN2M0YzAiOnsiY3JlYXRlIjoxODAwMDAwMDAwMDAwLCJkZWxldGUiOjE4MDAwMDAwMDAwMDAsInJlYWQiOjMwMDAwMDAwMDAwMCwidXBkYXRlIjoxODAwMDAwMDAwMDAwfSwic2NoZW1hX3ZlcnNpb24iOiIxIn0=",
          "dependencies": [
            "azurerm_resource_group.rag",
            "azurerm_storage_account.rag"
          ]
        }
      ]
    }
  ],
  "check_results": null
}
